
Microsoft Visual Studio Solution File, Format Version 11.00
# Visual C# Express 2010
Project("{FAE04EC0-301F-11D3-BF4B-00C04F79EFBC}") = "FrameRateCounter.Windows.Xna", "FrameRateCounter.Windows.Xna.csproj", "{3F6CB600-218F-4F90-880A-BC4C7FAD3B9D}"
EndProject
Project("{FAE04EC0-301F-11D3-BF4B-00C04F79EFBC}") = "FrameRateCounter.Content", "..\FrameRateCounter.Content\FrameRateCounter.Content.contentproj", "{255C42BA-1E47-4C9D-BDB0-29A5B16134C4}"
EndProject
Project("{FAE04EC0-301F-11D3-BF4B-00C04F79EFBC}") = "AverageBuddy.Windows.Xna", "..\..\externals\AverageBuddy\Windows.Xna\AverageBuddy.Windows.Xna.csproj", "{1A4D8743-6822-4049-A473-72DC7C61F74E}"
EndProject
Project("{FAE04EC0-301F-11D3-BF4B-00C04F79EFBC}") = "FontBuddy.Windows.XNA", "..\..\externals\FontBuddy\Windows.XNA\FontBuddy.Windows.XNA.csproj", "{72F572D0-338C-45EB-AB95-45F8EAFF5A7D}"
EndProject
Project("{FAE04EC0-301F-11D3-BF4B-00C04F79EFBC}") = "GameTimer.Windows.XNA", "..\..\externals\GameTimer\Windows.XNA\GameTimer.Windows.XNA.csproj", "{C05AFDF0-1371-48FA-AD30-CF14D46EAF2B}"
EndProject
Global
	GlobalSection(SolutionConfigurationPlatforms) = preSolution
		Debug|Any CPU = Debug|Any CPU
		Debug|x86 = Debug|x86
		Release|Any CPU = Release|Any CPU
		Release|x86 = Release|x86
	EndGlobalSection
	GlobalSection(ProjectConfigurationPlatforms) = postSolution
		{3F6CB600-218F-4F90-880A-BC4C7FAD3B9D}.Debug|Any CPU.ActiveCfg = Debug|x86
		{3F6CB600-218F-4F90-880A-BC4C7FAD3B9D}.Debug|x86.ActiveCfg = Debug|x86
		{3F6CB600-218F-4F90-880A-BC4C7FAD3B9D}.Debug|x86.Build.0 = Debug|x86
		{3F6CB600-218F-4F90-880A-BC4C7FAD3B9D}.Release|Any CPU.ActiveCfg = Release|x86
		{3F6CB600-218F-4F90-880A-BC4C7FAD3B9D}.Release|x86.ActiveCfg = Release|x86
		{3F6CB600-218F-4F90-880A-BC4C7FAD3B9D}.Release|x86.Build.0 = Release|x86
		{255C42BA-1E47-4C9D-BDB0-29A5B16134C4}.Debug|Any CPU.ActiveCfg = Debug|Any CPU
		{255C42BA-1E47-4C9D-BDB0-29A5B16134C4}.Debug|x86.ActiveCfg = Debug|Any CPU
		{255C42BA-1E47-4C9D-BDB0-29A5B16134C4}.Release|Any CPU.ActiveCfg = Debug|Any CPU
		{255C42BA-1E47-4C9D-BDB0-29A5B16134C4}.Release|x86.ActiveCfg = Debug|Any CPU
		{1A4D8743-6822-4049-A473-72DC7C61F74E}.Debug|Any CPU.ActiveCfg = Debug|x86
		{1A4D8743-6822-4049-A473-72DC7C61F74E}.Debug|x86.ActiveCfg = Debug|x86
		{1A4D8743-6822-4049-A473-72DC7C61F74E}.Debug|x86.Build.0 = Debug|x86
		{1A4D8743-6822-4049-A473-72DC7C61F74E}.Release|Any CPU.ActiveCfg = Release|x86
		{1A4D8743-6822-4049-A473-72DC7C61F74E}.Release|x86.ActiveCfg = Release|x86
		{1A4D8743-6822-4049-A473-72DC7C61F74E}.Release|x86.Build.0 = Release|x86
		{72F572D0-338C-45EB-AB95-45F8EAFF5A7D}.Debug|Any CPU.ActiveCfg = Debug|x86
		{72F572D0-338C-45EB-AB95-45F8EAFF5A7D}.Debug|x86.ActiveCfg = Debug|x86
		{72F572D0-338C-45EB-AB95-45F8EAFF5A7D}.Debug|x86.Build.0 = Debug|x86
		{72F572D0-338C-45EB-AB95-45F8EAFF5A7D}.Release|Any CPU.ActiveCfg = Release|x86
		{72F572D0-338C-45EB-AB95-45F8EAFF5A7D}.Release|x86.ActiveCfg = Release|x86
		{72F572D0-338C-45EB-AB95-45F8EAFF5A7D}.Release|x86.Build.0 = Release|x86
		{C05AFDF0-1371-48FA-AD30-CF14D46EAF2B}.Debug|Any CPU.ActiveCfg = Debug|x86
		{C05AFDF0-1371-48FA-AD30-CF14D46EAF2B}.Debug|x86.ActiveCfg = Debug|x86
		{C05AFDF0-1371-48FA-AD30-CF14D46EAF2B}.Debug|x86.Build.0 = Debug|x86
		{C05AFDF0-1371-48FA-AD30-CF14D46EAF2B}.Release|Any CPU.ActiveCfg = Release|x86
		{C05AFDF0-1371-48FA-AD30-CF14D46EAF2B}.Release|x86.ActiveCfg = Release|x86
		{C05AFDF0-1371-48FA-AD30-CF14D46EAF2B}.Release|x86.Build.0 = Release|x86
	EndGlobalSection
	GlobalSection(SolutionProperties) = preSolution
		HideSolutionNode = FALSE
	EndGlobalSection
EndGlobal
